
Microsoft Visual Studio Solution File, Format Version 12.00
# Visual Studio Version 16
VisualStudioVersion = 16.0.31515.178
MinimumVisualStudioVersion = 10.0.40219.1
Project("{9A19103F-16F7-4668-BE54-9A1E7A4F7556}") = "DAL", "DAL\DAL.csproj", "{14FB9BB2-80DE-43C7-B945-6038558141B2}"
EndProject
Project("{9A19103F-16F7-4668-BE54-9A1E7A4F7556}") = "WebAPI", "WebAPI\WebAPI.csproj", "{08D6B2AC-1B97-4D9F-A7BD-11EEF72E5176}"
EndProject
Project("{9A19103F-16F7-4668-BE54-9A1E7A4F7556}") = "Business", "Business\Business.csproj", "{6FC7C1AD-FC68-48C6-B4D6-DD1A47D4F85A}"
EndProject
Global
	GlobalSection(SolutionConfigurationPlatforms) = preSolution
		Debug|Any CPU = Debug|Any CPU
		Release|Any CPU = Release|Any CPU
	EndGlobalSection
	GlobalSection(ProjectConfigurationPlatforms) = postSolution
		{14FB9BB2-80DE-43C7-B945-6038558141B2}.Debug|Any CPU.ActiveCfg = Debug|Any CPU
		{14FB9BB2-80DE-43C7-B945-6038558141B2}.Debug|Any CPU.Build.0 = Debug|Any CPU
		{14FB9BB2-80DE-43C7-B945-6038558141B2}.Release|Any CPU.ActiveCfg = Release|Any CPU
		{14FB9BB2-80DE-43C7-B945-6038558141B2}.Release|Any CPU.Build.0 = Release|Any CPU
		{08D6B2AC-1B97-4D9F-A7BD-11EEF72E5176}.Debug|Any CPU.ActiveCfg = Debug|Any CPU
		{08D6B2AC-1B97-4D9F-A7BD-11EEF72E5176}.Debug|Any CPU.Build.0 = Debug|Any CPU
		{08D6B2AC-1B97-4D9F-A7BD-11EEF72E5176}.Release|Any CPU.ActiveCfg = Release|Any CPU
		{08D6B2AC-1B97-4D9F-A7BD-11EEF72E5176}.Release|Any CPU.Build.0 = Release|Any CPU
		{6FC7C1AD-FC68-48C6-B4D6-DD1A47D4F85A}.Debug|Any CPU.ActiveCfg = Debug|Any CPU
		{6FC7C1AD-FC68-48C6-B4D6-DD1A47D4F85A}.Debug|Any CPU.Build.0 = Debug|Any CPU
		{6FC7C1AD-FC68-48C6-B4D6-DD1A47D4F85A}.Release|Any CPU.ActiveCfg = Release|Any CPU
		{6FC7C1AD-FC68-48C6-B4D6-DD1A47D4F85A}.Release|Any CPU.Build.0 = Release|Any CPU
	EndGlobalSection
	GlobalSection(SolutionProperties) = preSolution
		HideSolutionNode = FALSE
	EndGlobalSection
	GlobalSection(ExtensibilityGlobals) = postSolution
		SolutionGuid = {8839B83C-F56F-4B22-9D0E-92ED92E906BB}
	EndGlobalSection
EndGlobal
